
Microsoft Visual Studio Solution File, Format Version 12.00
# Visual Studio Version 16
VisualStudioVersion = 16.0.29806.167
MinimumVisualStudioVersion = 10.0.40219.1
Project("{FAE04EC0-301F-11D3-BF4B-00C04F79EFBC}") = "FileUtils.Shared", "FileUtils.Shared\FileUtils.Shared.csproj", "{1E0429F7-97A5-4E71-81DA-3D88C9557217}"
EndProject
Project("{FAE04EC0-301F-11D3-BF4B-00C04F79EFBC}") = "FileUtils.Console", "FileUtils.Console\FileUtils.Console.csproj", "{D5F6816B-8AA6-4431-810A-26067F43D0F9}"
EndProject
Project("{FAE04EC0-301F-11D3-BF4B-00C04F79EFBC}") = "FileUtils.Shared.Automation", "FileUtils.Shared.Automation\FileUtils.Shared.Automation.csproj", "{A1FA72D9-CC27-46E7-B2A1-F27814F34FF4}"
EndProject
Project("{FAE04EC0-301F-11D3-BF4B-00C04F79EFBC}") = "Ambipoor", "Ambipoor\Ambipoor.csproj", "{A0B2464B-5CF0-4A5A-A31A-10C93EDC3461}"
EndProject
Project("{2150E333-8FDC-42A3-9474-1A3956D46DE8}") = "ThirdParty", "ThirdParty", "{C3367CF5-C7F0-4070-AF92-311C2D8630F8}"
EndProject
Project("{FAE04EC0-301F-11D3-BF4B-00C04F79EFBC}") = "NucleusDotNet.NETFramework", "ThirdParty\nucleusdotnet\Nucleus.Gaming\Nucleus.Gaming\NucleusDotNet.NETFramework.csproj", "{223DBDAE-E362-452C-9455-F518D002B154}"
EndProject
Project("{FAE04EC0-301F-11D3-BF4B-00C04F79EFBC}") = "NucleusDotNet.Windows.NETFramework", "ThirdParty\nucleusdotnet\Nucleus.Gaming\NucleusDotNet.Windows\NucleusDotNet.Windows.NETFramework.csproj", "{43B5CA27-B2F1-45DB-9103-47C8BBCEF0DD}"
EndProject
Global
	GlobalSection(SolutionConfigurationPlatforms) = preSolution
		Debug|Any CPU = Debug|Any CPU
		Release|Any CPU = Release|Any CPU
		TestDebug|Any CPU = TestDebug|Any CPU
	EndGlobalSection
	GlobalSection(ProjectConfigurationPlatforms) = postSolution
		{1E0429F7-97A5-4E71-81DA-3D88C9557217}.Debug|Any CPU.ActiveCfg = Debug|Any CPU
		{1E0429F7-97A5-4E71-81DA-3D88C9557217}.Debug|Any CPU.Build.0 = Debug|Any CPU
		{1E0429F7-97A5-4E71-81DA-3D88C9557217}.Release|Any CPU.ActiveCfg = Release|Any CPU
		{1E0429F7-97A5-4E71-81DA-3D88C9557217}.Release|Any CPU.Build.0 = Release|Any CPU
		{1E0429F7-97A5-4E71-81DA-3D88C9557217}.TestDebug|Any CPU.ActiveCfg = Debug|Any CPU
		{1E0429F7-97A5-4E71-81DA-3D88C9557217}.TestDebug|Any CPU.Build.0 = Debug|Any CPU
		{D5F6816B-8AA6-4431-810A-26067F43D0F9}.Debug|Any CPU.ActiveCfg = Debug|Any CPU
		{D5F6816B-8AA6-4431-810A-26067F43D0F9}.Debug|Any CPU.Build.0 = Debug|Any CPU
		{D5F6816B-8AA6-4431-810A-26067F43D0F9}.Release|Any CPU.ActiveCfg = Release|Any CPU
		{D5F6816B-8AA6-4431-810A-26067F43D0F9}.Release|Any CPU.Build.0 = Release|Any CPU
		{D5F6816B-8AA6-4431-810A-26067F43D0F9}.TestDebug|Any CPU.ActiveCfg = Debug|Any CPU
		{D5F6816B-8AA6-4431-810A-26067F43D0F9}.TestDebug|Any CPU.Build.0 = Debug|Any CPU
		{A1FA72D9-CC27-46E7-B2A1-F27814F34FF4}.Debug|Any CPU.ActiveCfg = Debug|Any CPU
		{A1FA72D9-CC27-46E7-B2A1-F27814F34FF4}.Debug|Any CPU.Build.0 = Debug|Any CPU
		{A1FA72D9-CC27-46E7-B2A1-F27814F34FF4}.Release|Any CPU.ActiveCfg = Release|Any CPU
		{A1FA72D9-CC27-46E7-B2A1-F27814F34FF4}.Release|Any CPU.Build.0 = Release|Any CPU
		{A1FA72D9-CC27-46E7-B2A1-F27814F34FF4}.TestDebug|Any CPU.ActiveCfg = Debug|Any CPU
		{A1FA72D9-CC27-46E7-B2A1-F27814F34FF4}.TestDebug|Any CPU.Build.0 = Debug|Any CPU
		{A0B2464B-5CF0-4A5A-A31A-10C93EDC3461}.Debug|Any CPU.ActiveCfg = Debug|Any CPU
		{A0B2464B-5CF0-4A5A-A31A-10C93EDC3461}.Debug|Any CPU.Build.0 = Debug|Any CPU
		{A0B2464B-5CF0-4A5A-A31A-10C93EDC3461}.Release|Any CPU.ActiveCfg = Release|Any CPU
		{A0B2464B-5CF0-4A5A-A31A-10C93EDC3461}.Release|Any CPU.Build.0 = Release|Any CPU
		{A0B2464B-5CF0-4A5A-A31A-10C93EDC3461}.TestDebug|Any CPU.ActiveCfg = Debug|Any CPU
		{A0B2464B-5CF0-4A5A-A31A-10C93EDC3461}.TestDebug|Any CPU.Build.0 = Debug|Any CPU
		{223DBDAE-E362-452C-9455-F518D002B154}.Debug|Any CPU.ActiveCfg = Debug|Any CPU
		{223DBDAE-E362-452C-9455-F518D002B154}.Debug|Any CPU.Build.0 = Debug|Any CPU
		{223DBDAE-E362-452C-9455-F518D002B154}.Release|Any CPU.ActiveCfg = Release|Any CPU
		{223DBDAE-E362-452C-9455-F518D002B154}.Release|Any CPU.Build.0 = Release|Any CPU
		{223DBDAE-E362-452C-9455-F518D002B154}.TestDebug|Any CPU.ActiveCfg = TestDebug|Any CPU
		{223DBDAE-E362-452C-9455-F518D002B154}.TestDebug|Any CPU.Build.0 = TestDebug|Any CPU
		{43B5CA27-B2F1-45DB-9103-47C8BBCEF0DD}.Debug|Any CPU.ActiveCfg = Debug|Any CPU
		{43B5CA27-B2F1-45DB-9103-47C8BBCEF0DD}.Debug|Any CPU.Build.0 = Debug|Any CPU
		{43B5CA27-B2F1-45DB-9103-47C8BBCEF0DD}.Release|Any CPU.ActiveCfg = Release|Any CPU
		{43B5CA27-B2F1-45DB-9103-47C8BBCEF0DD}.Release|Any CPU.Build.0 = Release|Any CPU
		{43B5CA27-B2F1-45DB-9103-47C8BBCEF0DD}.TestDebug|Any CPU.ActiveCfg = TestDebug|Any CPU
		{43B5CA27-B2F1-45DB-9103-47C8BBCEF0DD}.TestDebug|Any CPU.Build.0 = TestDebug|Any CPU
	EndGlobalSection
	GlobalSection(SolutionProperties) = preSolution
		HideSolutionNode = FALSE
	EndGlobalSection
	GlobalSection(NestedProjects) = preSolution
		{223DBDAE-E362-452C-9455-F518D002B154} = {C3367CF5-C7F0-4070-AF92-311C2D8630F8}
		{43B5CA27-B2F1-45DB-9103-47C8BBCEF0DD} = {C3367CF5-C7F0-4070-AF92-311C2D8630F8}
	EndGlobalSection
	GlobalSection(ExtensibilityGlobals) = postSolution
		SolutionGuid = {5B920D9D-D886-4F61-9FBE-40D923CDF037}
	EndGlobalSection
EndGlobal
